
Microsoft Visual Studio Solution File, Format Version 12.00
# Visual Studio Version 16
VisualStudioVersion = 16.0.32002.261
MinimumVisualStudioVersion = 10.0.40219.1
Project("{FAE04EC0-301F-11D3-BF4B-00C04F79EFBC}") = "Api.Shop", "Api.Shop\Api.Shop.csproj", "{2C3624DE-C87A-4A04-8CF9-8295F4A73EDD}"
EndProject
Project("{FAE04EC0-301F-11D3-BF4B-00C04F79EFBC}") = "Shop.Data", "Shop.Data\Shop.Data.csproj", "{5D26BBE9-0064-4B20-8739-68AEA8C079A5}"
EndProject
Project("{FAE04EC0-301F-11D3-BF4B-00C04F79EFBC}") = "Shop.Core", "Shop.Core\Shop.Core.csproj", "{242A3311-DE6F-4C72-923F-B21715231645}"
EndProject
Global
	GlobalSection(SolutionConfigurationPlatforms) = preSolution
		Debug|Any CPU = Debug|Any CPU
		Release|Any CPU = Release|Any CPU
	EndGlobalSection
	GlobalSection(ProjectConfigurationPlatforms) = postSolution
		{2C3624DE-C87A-4A04-8CF9-8295F4A73EDD}.Debug|Any CPU.ActiveCfg = Debug|Any CPU
		{2C3624DE-C87A-4A04-8CF9-8295F4A73EDD}.Debug|Any CPU.Build.0 = Debug|Any CPU
		{2C3624DE-C87A-4A04-8CF9-8295F4A73EDD}.Release|Any CPU.ActiveCfg = Release|Any CPU
		{2C3624DE-C87A-4A04-8CF9-8295F4A73EDD}.Release|Any CPU.Build.0 = Release|Any CPU
		{5D26BBE9-0064-4B20-8739-68AEA8C079A5}.Debug|Any CPU.ActiveCfg = Debug|Any CPU
		{5D26BBE9-0064-4B20-8739-68AEA8C079A5}.Debug|Any CPU.Build.0 = Debug|Any CPU
		{5D26BBE9-0064-4B20-8739-68AEA8C079A5}.Release|Any CPU.ActiveCfg = Release|Any CPU
		{5D26BBE9-0064-4B20-8739-68AEA8C079A5}.Release|Any CPU.Build.0 = Release|Any CPU
		{242A3311-DE6F-4C72-923F-B21715231645}.Debug|Any CPU.ActiveCfg = Debug|Any CPU
		{242A3311-DE6F-4C72-923F-B21715231645}.Debug|Any CPU.Build.0 = Debug|Any CPU
		{242A3311-DE6F-4C72-923F-B21715231645}.Release|Any CPU.ActiveCfg = Release|Any CPU
		{242A3311-DE6F-4C72-923F-B21715231645}.Release|Any CPU.Build.0 = Release|Any CPU
	EndGlobalSection
	GlobalSection(SolutionProperties) = preSolution
		HideSolutionNode = FALSE
	EndGlobalSection
	GlobalSection(ExtensibilityGlobals) = postSolution
		SolutionGuid = {C9357A14-C14C-4E51-B7EF-DA940E03F4ED}
	EndGlobalSection
EndGlobal
